
Microsoft Visual Studio Solution File, Format Version 12.00
# Visual Studio Version 16
VisualStudioVersion = 16.0.30011.22
MinimumVisualStudioVersion = 10.0.40219.1
Project("{9A19103F-16F7-4668-BE54-9A1E7A4F7556}") = "yrtt_lambda_tasks_web_api", "yrtt_lambda_tasks_web_api\yrtt_lambda_tasks_web_api.csproj", "{B9FBFA15-8CA1-4912-950B-8B1062BB4B43}"
EndProject
Project("{9A19103F-16F7-4668-BE54-9A1E7A4F7556}") = "yrtt_lambda_tasks_web_api.Tests", "yrtt_lambda_tasks_web_api.Tests\yrtt_lambda_tasks_web_api.Tests.csproj", "{C2987D96-F033-4296-98F8-330EE014A9F7}"
EndProject
Global
	GlobalSection(SolutionConfigurationPlatforms) = preSolution
		Debug|Any CPU = Debug|Any CPU
		Release|Any CPU = Release|Any CPU
	EndGlobalSection
	GlobalSection(ProjectConfigurationPlatforms) = postSolution
		{B9FBFA15-8CA1-4912-950B-8B1062BB4B43}.Debug|Any CPU.ActiveCfg = Debug|Any CPU
		{B9FBFA15-8CA1-4912-950B-8B1062BB4B43}.Debug|Any CPU.Build.0 = Debug|Any CPU
		{B9FBFA15-8CA1-4912-950B-8B1062BB4B43}.Release|Any CPU.ActiveCfg = Release|Any CPU
		{B9FBFA15-8CA1-4912-950B-8B1062BB4B43}.Release|Any CPU.Build.0 = Release|Any CPU
		{C2987D96-F033-4296-98F8-330EE014A9F7}.Debug|Any CPU.ActiveCfg = Debug|Any CPU
		{C2987D96-F033-4296-98F8-330EE014A9F7}.Debug|Any CPU.Build.0 = Debug|Any CPU
		{C2987D96-F033-4296-98F8-330EE014A9F7}.Release|Any CPU.ActiveCfg = Release|Any CPU
		{C2987D96-F033-4296-98F8-330EE014A9F7}.Release|Any CPU.Build.0 = Release|Any CPU
	EndGlobalSection
	GlobalSection(SolutionProperties) = preSolution
		HideSolutionNode = FALSE
	EndGlobalSection
	GlobalSection(ExtensibilityGlobals) = postSolution
		SolutionGuid = {47EEEC32-03CB-496A-8291-D6A2BC0BDDCD}
	EndGlobalSection
EndGlobal
